// !$*UTF8*$!
{
	archiveVersion = 1;
	classes = {
	};
	objectVersion = 50;
	objects = {

/* Begin PBXBuildFile section */
		9E3BD230243FE14F008A31C5 /* Player.swift in Sources */ = {isa = PBXBuildFile; fileRef = 9E3BD22F243FE14F008A31C5 /* Player.swift */; };
		9E3BD232243FE832008A31C5 /* FriendGroup.swift in Sources */ = {isa = PBXBuildFile; fileRef = 9E3BD231243FE832008A31C5 /* FriendGroup.swift */; };
		9E95DFB524199F9800D42477 /* main.swift in Sources */ = {isa = PBXBuildFile; fileRef = 9E95DFB424199F9800D42477 /* main.swift */; };
		9E95DFBC2419A04D00D42477 /* Coin.swift in Sources */ = {isa = PBXBuildFile; fileRef = 9E95DFBB2419A04D00D42477 /* Coin.swift */; };
		9E95DFBE2419AB4F00D42477 /* Stash.swift in Sources */ = {isa = PBXBuildFile; fileRef = 9E95DFBD2419AB4F00D42477 /* Stash.swift */; };
		9EA3D366244AA7B100E51F62 /* Gender.swift in Sources */ = {isa = PBXBuildFile; fileRef = 9EA3D365244AA7B100E51F62 /* Gender.swift */; };
		D333F7902419A23A009ECFB4 /* Die.swift in Sources */ = {isa = PBXBuildFile; fileRef = D333F78F2419A23A009ECFB4 /* Die.swift */; };
		D333F7922419A273009ECFB4 /* Side.swift in Sources */ = {isa = PBXBuildFile; fileRef = D333F7912419A273009ECFB4 /* Side.swift */; };
/* End PBXBuildFile section */

/* Begin PBXCopyFilesBuildPhase section */
		9E95DFAF24199F9700D42477 /* CopyFiles */ = {
			isa = PBXCopyFilesBuildPhase;
			buildActionMask = 2147483647;
			dstPath = /usr/share/man/man1/;
			dstSubfolderSpec = 0;
			files = (
			);
			runOnlyForDeploymentPostprocessing = 1;
		};
/* End PBXCopyFilesBuildPhase section */

/* Begin PBXFileReference section */
		9E3BD22F243FE14F008A31C5 /* Player.swift */ = {isa = PBXFileReference; lastKnownFileType = sourcecode.swift; path = Player.swift; sourceTree = "<group>"; };
		9E3BD231243FE832008A31C5 /* FriendGroup.swift */ = {isa = PBXFileReference; lastKnownFileType = sourcecode.swift; path = FriendGroup.swift; sourceTree = "<group>"; };
		9E95DFB124199F9800D42477 /* LeftCentreRight */ = {isa = PBXFileReference; explicitFileType = "compiled.mach-o.executable"; includeInIndex = 0; path = LeftCentreRight; sourceTree = BUILT_PRODUCTS_DIR; };
		9E95DFB424199F9800D42477 /* main.swift */ = {isa = PBXFileReference; lastKnownFileType = sourcecode.swift; path = main.swift; sourceTree = "<group>"; };
		9E95DFBB2419A04D00D42477 /* Coin.swift */ = {isa = PBXFileReference; lastKnownFileType = sourcecode.swift; path = Coin.swift; sourceTree = "<group>"; };
		9E95DFBD2419AB4F00D42477 /* Stash.swift */ = {isa = PBXFileReference; lastKnownFileType = sourcecode.swift; path = Stash.swift; sourceTree = "<group>"; };
		9EA3D365244AA7B100E51F62 /* Gender.swift */ = {isa = PBXFileReference; lastKnownFileType = sourcecode.swift; path = Gender.swift; sourceTree = "<group>"; };
		D333F78F2419A23A009ECFB4 /* Die.swift */ = {isa = PBXFileReference; lastKnownFileType = sourcecode.swift; path = Die.swift; sourceTree = "<group>"; };
		D333F7912419A273009ECFB4 /* Side.swift */ = {isa = PBXFileReference; lastKnownFileType = sourcecode.swift; path = Side.swift; sourceTree = "<group>"; };
/* End PBXFileReference section */

/* Begin PBXFrameworksBuildPhase section */
		9E95DFAE24199F9700D42477 /* Frameworks */ = {
			isa = PBXFrameworksBuildPhase;
			buildActionMask = 2147483647;
			files = (
			);
			runOnlyForDeploymentPostprocessing = 0;
		};
/* End PBXFrameworksBuildPhase section */

/* Begin PBXGroup section */
		9E95DFA824199F9700D42477 = {
			isa = PBXGroup;
			children = (
				9E95DFB324199F9800D42477 /* LeftCentreRight */,
				9E95DFB224199F9800D42477 /* Products */,
			);
			sourceTree = "<group>";
		};
		9E95DFB224199F9800D42477 /* Products */ = {
			isa = PBXGroup;
			children = (
				9E95DFB124199F9800D42477 /* LeftCentreRight */,
			);
			name = Products;
			sourceTree = "<group>";
		};
		9E95DFB324199F9800D42477 /* LeftCentreRight */ = {
			isa = PBXGroup;
			children = (
				9E95DFB424199F9800D42477 /* main.swift */,
				D333F78F2419A23A009ECFB4 /* Die.swift */,
				D333F7912419A273009ECFB4 /* Side.swift */,
				9E95DFBB2419A04D00D42477 /* Coin.swift */,
				9E95DFBD2419AB4F00D42477 /* Stash.swift */,
				9E3BD22F243FE14F008A31C5 /* Player.swift */,
				9E3BD231243FE832008A31C5 /* FriendGroup.swift */,
				9EA3D365244AA7B100E51F62 /* Gender.swift */,
			);
			path = LeftCentreRight;
			sourceTree = "<group>";
		};
/* End PBXGroup section */

/* Begin PBXNativeTarget section */
		9E95DFB024199F9700D42477 /* LeftCentreRight */ = {
			isa = PBXNativeTarget;
			buildConfigurationList = 9E95DFB824199F9800D42477 /* Build configuration list for PBXNativeTarget "LeftCentreRight" */;
			buildPhases = (
				9E95DFAD24199F9700D42477 /* Sources */,
				9E95DFAE24199F9700D42477 /* Frameworks */,
				9E95DFAF24199F9700D42477 /* CopyFiles */,
			);
			buildRules = (
			);
			dependencies = (
			);
			name = LeftCentreRight;
			productName = LeftCentreRight;
			productReference = 9E95DFB124199F9800D42477 /* LeftCentreRight */;
			productType = "com.apple.product-type.tool";
		};
/* End PBXNativeTarget section */

/* Begin PBXProject section */
		9E95DFA924199F9700D42477 /* Project object */ = {
			isa = PBXProject;
			attributes = {
				LastSwiftUpdateCheck = 1130;
				LastUpgradeCheck = 1130;
				ORGANIZATIONNAME = "Davidson, Liam";
				TargetAttributes = {
					9E95DFB024199F9700D42477 = {
						CreatedOnToolsVersion = 11.3.1;
					};
				};
			};
			buildConfigurationList = 9E95DFAC24199F9700D42477 /* Build configuration list for PBXProject "LeftCentreRight" */;
			compatibilityVersion = "Xcode 9.3";
			developmentRegion = en;
			hasScannedForEncodings = 0;
			knownRegions = (
				en,
				Base,
			);
			mainGroup = 9E95DFA824199F9700D42477;
			productRefGroup = 9E95DFB224199F9800D42477 /* Products */;
			projectDirPath = "";
			projectRoot = "";
			targets = (
				9E95DFB024199F9700D42477 /* LeftCentreRight */,
			);
		};
/* End PBXProject section */

/* Begin PBXSourcesBuildPhase section */
		9E95DFAD24199F9700D42477 /* Sources */ = {
			isa = PBXSourcesBuildPhase;
			buildActionMask = 2147483647;
			files = (
				9E95DFBC2419A04D00D42477 /* Coin.swift in Sources */,
				9E95DFB524199F9800D42477 /* main.swift in Sources */,
				D333F7922419A273009ECFB4 /* Side.swift in Sources */,
				D333F7902419A23A009ECFB4 /* Die.swift in Sources */,
				9EA3D366244AA7B100E51F62 /* Gender.swift in Sources */,
				9E3BD230243FE14F008A31C5 /* Player.swift in Sources */,
				9E3BD232243FE832008A31C5 /* FriendGroup.swift in Sources */,
				9E95DFBE2419AB4F00D42477 /* Stash.swift in Sources */,
			);
			runOnlyForDeploymentPostprocessing = 0;
		};
/* End PBXSourcesBuildPhase section */

/* Begin XCBuildConfiguration section */
		9E95DFB624199F9800D42477 /* Debug */ = {
			isa = XCBuildConfiguration;
			buildSettings = {
				ALWAYS_SEARCH_USER_PATHS = NO;
				CLANG_ANALYZER_NONNULL = YES;
				CLANG_ANALYZER_NUMBER_OBJECT_CONVERSION = YES_AGGRESSIVE;
				CLANG_CXX_LANGUAGE_STANDARD = "gnu++14";
				CLANG_CXX_LIBRARY = "libc++";
				CLANG_ENABLE_MODULES = YES;
				CLANG_ENABLE_OBJC_ARC = YES;
				CLANG_ENABLE_OBJC_WEAK = YES;
				CLANG_WARN_BLOCK_CAPTURE_AUTORELEASING = YES;
				CLANG_WARN_BOOL_CONVERSION = YES;
				CLANG_WARN_COMMA = YES;
				CLANG_WARN_CONSTANT_CONVERSION = YES;
				CLANG_WARN_DEPRECATED_OBJC_IMPLEMENTATIONS = YES;
				CLANG_WARN_DIRECT_OBJC_ISA_USAGE = YES_ERROR;
				CLANG_WARN_DOCUMENTATION_COMMENTS = YES;
				CLANG_WARN_EMPTY_BODY = YES;
				CLANG_WARN_ENUM_CONVERSION = YES;
				CLANG_WARN_INFINITE_RECURSION = YES;
				CLANG_WARN_INT_CONVERSION = YES;
				CLANG_WARN_NON_LITERAL_NULL_CONVERSION = YES;
				CLANG_WARN_OBJC_IMPLICIT_RETAIN_SELF = YES;
				CLANG_WARN_OBJC_LITERAL_CONVERSION = YES;
				CLANG_WARN_OBJC_ROOT_CLASS = YES_ERROR;
				CLANG_WARN_RANGE_LOOP_ANALYSIS = YES;
				CLANG_WARN_STRICT_PROTOTYPES = YES;
				CLANG_WARN_SUSPICIOUS_MOVE = YES;
				CLANG_WARN_UNGUARDED_AVAILABILITY = YES_AGGRESSIVE;
				CLANG_WARN_UNREACHABLE_CODE = YES;
				CLANG_WARN__DUPLICATE_METHOD_MATCH = YES;
				COPY_PHASE_STRIP = NO;
				DEBUG_INFORMATION_FORMAT = dwarf;
				ENABLE_STRICT_OBJC_MSGSEND = YES;
				ENABLE_TESTABILITY = YES;
				GCC_C_LANGUAGE_STANDARD = gnu11;
				GCC_DYNAMIC_NO_PIC = NO;
				GCC_NO_COMMON_BLOCKS = YES;
				GCC_OPTIMIZATION_LEVEL = 0;
				GCC_PREPROCESSOR_DEFINITIONS = (
					"DEBUG=1",
					"$(inherited)",
				);
				GCC_WARN_64_TO_32_BIT_CONVERSION = YES;
				GCC_WARN_ABOUT_RETURN_TYPE = YES_ERROR;
				GCC_WARN_UNDECLARED_SELECTOR = YES;
				GCC_WARN_UNINITIALIZED_AUTOS = YES_AGGRESSIVE;
				GCC_WARN_UNUSED_FUNCTION = YES;
				GCC_WARN_UNUSED_VARIABLE = YES;
				MACOSX_DEPLOYMENT_TARGET = 10.15;
				MTL_ENABLE_DEBUG_INFO = INCLUDE_SOURCE;
				MTL_FAST_MATH = YES;
				ONLY_ACTIVE_ARCH = YES;
				SDKROOT = macosx;
				SWIFT_ACTIVE_COMPILATION_CONDITIONS = DEBUG;
				SWIFT_OPTIMIZATION_LEVEL = "-Onone";
			};
			name = Debug;
		};
		9E95DFB724199F9800D42477 /* Release */ = {
			isa = XCBuildConfiguration;
			buildSettings = {
				ALWAYS_SEARCH_USER_PATHS = NO;
				CLANG_ANALYZER_NONNULL = YES;
				CLANG_ANALYZER_NUMBER_OBJECT_CONVERSION = YES_AGGRESSIVE;
				CLANG_CXX_LANGUAGE_STANDARD = "gnu++14";
				CLANG_CXX_LIBRARY = "libc++";
				CLANG_ENABLE_MODULES = YES;
				CLANG_ENABLE_OBJC_ARC = YES;
				CLANG_ENABLE_OBJC_WEAK = YES;
				CLANG_WARN_BLOCK_CAPTURE_AUTORELEASING = YES;
				CLANG_WARN_BOOL_CONVERSION = YES;
				CLANG_WARN_COMMA = YES;
				CLANG_WARN_CONSTANT_CONVERSION = YES;
				CLANG_WARN_DEPRECATED_OBJC_IMPLEMENTATIONS = YES;
				CLANG_WARN_DIRECT_OBJC_ISA_USAGE = YES_ERROR;
				CLANG_WARN_DOCUMENTATION_COMMENTS = YES;
				CLANG_WARN_EMPTY_BODY = YES;
				CLANG_WARN_ENUM_CONVERSION = YES;
				CLANG_WARN_INFINITE_RECURSION = YES;
				CLANG_WARN_INT_CONVERSION = YES;
				CLANG_WARN_NON_LITERAL_NULL_CONVERSION = YES;
				CLANG_WARN_OBJC_IMPLICIT_RETAIN_SELF = YES;
				CLANG_WARN_OBJC_LITERAL_CONVERSION = YES;
				CLANG_WARN_OBJC_ROOT_CLASS = YES_ERROR;
				CLANG_WARN_RANGE_LOOP_ANALYSIS = YES;
				CLANG_WARN_STRICT_PROTOTYPES = YES;
				CLANG_WARN_SUSPICIOUS_MOVE = YES;
				CLANG_WARN_UNGUARDED_AVAILABILITY = YES_AGGRESSIVE;
				CLANG_WARN_UNREACHABLE_CODE = YES;
				CLANG_WARN__DUPLICATE_METHOD_MATCH = YES;
				COPY_PHASE_STRIP = NO;
				DEBUG_INFORMATION_FORMAT = "dwarf-with-dsym";
				ENABLE_NS_ASSERTIONS = NO;
				ENABLE_STRICT_OBJC_MSGSEND = YES;
				GCC_C_LANGUAGE_STANDARD = gnu11;
				GCC_NO_COMMON_BLOCKS = YES;
				GCC_WARN_64_TO_32_BIT_CONVERSION = YES;
				GCC_WARN_ABOUT_RETURN_TYPE = YES_ERROR;
				GCC_WARN_UNDECLARED_SELECTOR = YES;
				GCC_WARN_UNINITIALIZED_AUTOS = YES_AGGRESSIVE;
				GCC_WARN_UNUSED_FUNCTION = YES;
				GCC_WARN_UNUSED_VARIABLE = YES;
				MACOSX_DEPLOYMENT_TARGET = 10.15;
				MTL_ENABLE_DEBUG_INFO = NO;
				MTL_FAST_MATH = YES;
				SDKROOT = macosx;
				SWIFT_COMPILATION_MODE = wholemodule;
				SWIFT_OPTIMIZATION_LEVEL = "-O";
			};
			name = Release;
		};
		9E95DFB924199F9800D42477 /* Debug */ = {
			isa = XCBuildConfiguration;
			buildSettings = {
				CODE_SIGN_STYLE = Automatic;
				MACOSX_DEPLOYMENT_TARGET = 10.14;
				PRODUCT_NAME = "$(TARGET_NAME)";
				SWIFT_VERSION = 5.0;
			};
			name = Debug;
		};
		9E95DFBA24199F9800D42477 /* Release */ = {
			isa = XCBuildConfiguration;
			buildSettings = {
				CODE_SIGN_STYLE = Automatic;
				MACOSX_DEPLOYMENT_TARGET = 10.14;
				PRODUCT_NAME = "$(TARGET_NAME)";
				SWIFT_VERSION = 5.0;
			};
			name = Release;
		};
/* End XCBuildConfiguration section */

/* Begin XCConfigurationList section */
		9E95DFAC24199F9700D42477 /* Build configuration list for PBXProject "LeftCentreRight" */ = {
			isa = XCConfigurationList;
			buildConfigurations = (
				9E95DFB624199F9800D42477 /* Debug */,
				9E95DFB724199F9800D42477 /* Release */,
			);
			defaultConfigurationIsVisible = 0;
			defaultConfigurationName = Release;
		};
		9E95DFB824199F9800D42477 /* Build configuration list for PBXNativeTarget "LeftCentreRight" */ = {
			isa = XCConfigurationList;
			buildConfigurations = (
				9E95DFB924199F9800D42477 /* Debug */,
				9E95DFBA24199F9800D42477 /* Release */,
			);
			defaultConfigurationIsVisible = 0;
			defaultConfigurationName = Release;
		};
/* End XCConfigurationList section */
	};
	rootObject = 9E95DFA924199F9700D42477 /* Project object */;
}
